
Microsoft Visual Studio Solution File, Format Version 12.00
# Visual Studio Version 17
VisualStudioVersion = 17.7.34221.43
MinimumVisualStudioVersion = 10.0.40219.1
Project("{FAE04EC0-301F-11D3-BF4B-00C04F79EFBC}") = "ColorPicker", "ColorPicker\ColorPicker.csproj", "{B1A6366C-05FF-46C6-97F1-44DEFCF7D022}"
EndProject
Global
	GlobalSection(SolutionConfigurationPlatforms) = preSolution
		Debug|Any CPU = Debug|Any CPU
		Release|Any CPU = Release|Any CPU
	EndGlobalSection
	GlobalSection(ProjectConfigurationPlatforms) = postSolution
		{B1A6366C-05FF-46C6-97F1-44DEFCF7D022}.Debug|Any CPU.ActiveCfg = Debug|Any CPU
		{B1A6366C-05FF-46C6-97F1-44DEFCF7D022}.Debug|Any CPU.Build.0 = Debug|Any CPU
		{B1A6366C-05FF-46C6-97F1-44DEFCF7D022}.Release|Any CPU.ActiveCfg = Release|Any CPU
		{B1A6366C-05FF-46C6-97F1-44DEFCF7D022}.Release|Any CPU.Build.0 = Release|Any CPU
	EndGlobalSection
	GlobalSection(SolutionProperties) = preSolution
		HideSolutionNode = FALSE
	EndGlobalSection
	GlobalSection(ExtensibilityGlobals) = postSolution
		SolutionGuid = {3CC8CDD2-41FE-4513-854C-28F1BC31F514}
	EndGlobalSection
EndGlobal
