
Microsoft Visual Studio Solution File, Format Version 12.00
Project("{FAE04EC0-301F-11D3-BF4B-00C04F79EFBC}") = "Color_Picker", "Color_Picker\Color_Picker.csproj", "{AA3A3FEB-53EF-423A-806D-6187BD13E64D}"
EndProject
Global
	GlobalSection(SolutionConfigurationPlatforms) = preSolution
		Debug|Any CPU = Debug|Any CPU
		Release|Any CPU = Release|Any CPU
	EndGlobalSection
	GlobalSection(ProjectConfigurationPlatforms) = postSolution
		{AA3A3FEB-53EF-423A-806D-6187BD13E64D}.Debug|Any CPU.ActiveCfg = Debug|Any CPU
		{AA3A3FEB-53EF-423A-806D-6187BD13E64D}.Debug|Any CPU.Build.0 = Debug|Any CPU
		{AA3A3FEB-53EF-423A-806D-6187BD13E64D}.Release|Any CPU.ActiveCfg = Release|Any CPU
		{AA3A3FEB-53EF-423A-806D-6187BD13E64D}.Release|Any CPU.Build.0 = Release|Any CPU
	EndGlobalSection
EndGlobal
